
Microsoft Visual Studio Solution File, Format Version 12.00
# Visual Studio Version 16
VisualStudioVersion = 16.0.30413.136
MinimumVisualStudioVersion = 10.0.40219.1
Project("{9A19103F-16F7-4668-BE54-9A1E7A4F7556}") = "Hahn.ApplicationProcess.February2021.Web", "Hahn.ApplicationProcess.February2021.Web\Hahn.ApplicationProcess.February2021.Web.csproj", "{7499AECF-4F18-4CEA-8626-65E2835EA2D9}"
EndProject
Project("{E53339B2-1760-4266-BCC7-CA923CBCF16C}") = "docker-compose", "docker-compose.dcproj", "{6C6C6E98-1803-4B5C-A87E-C5DCA7DC4CBF}"
EndProject
Project("{9A19103F-16F7-4668-BE54-9A1E7A4F7556}") = "Hahn.ApplicationProcess.February2021.Domain", "Hahn.ApplicationProcess.February2021.Domain\Hahn.ApplicationProcess.February2021.Domain.csproj", "{7C6ACE0C-C361-49CB-B160-C1BFF5C98856}"
EndProject
Project("{9A19103F-16F7-4668-BE54-9A1E7A4F7556}") = "Hahn.ApplicationProcess.February2021.Data", "Hahn.ApplicationProcess.February2021.Data\Hahn.ApplicationProcess.February2021.Data.csproj", "{51376F98-8B8D-4E48-AB86-C14B9D26BAF7}"
EndProject
Project("{9A19103F-16F7-4668-BE54-9A1E7A4F7556}") = "Hahn.ApplicationProcess.February2021.Common", "Hahn.ApplicationProcess.February2021.Common\Hahn.ApplicationProcess.February2021.Common.csproj", "{87DCF7A1-F914-41CB-88A9-8F0B8B3B7435}"
EndProject
Global
	GlobalSection(SolutionConfigurationPlatforms) = preSolution
		Debug|Any CPU = Debug|Any CPU
		Release|Any CPU = Release|Any CPU
	EndGlobalSection
	GlobalSection(ProjectConfigurationPlatforms) = postSolution
		{7499AECF-4F18-4CEA-8626-65E2835EA2D9}.Debug|Any CPU.ActiveCfg = Debug|Any CPU
		{7499AECF-4F18-4CEA-8626-65E2835EA2D9}.Debug|Any CPU.Build.0 = Debug|Any CPU
		{7499AECF-4F18-4CEA-8626-65E2835EA2D9}.Release|Any CPU.ActiveCfg = Release|Any CPU
		{7499AECF-4F18-4CEA-8626-65E2835EA2D9}.Release|Any CPU.Build.0 = Release|Any CPU
		{6C6C6E98-1803-4B5C-A87E-C5DCA7DC4CBF}.Debug|Any CPU.ActiveCfg = Debug|Any CPU
		{6C6C6E98-1803-4B5C-A87E-C5DCA7DC4CBF}.Debug|Any CPU.Build.0 = Debug|Any CPU
		{6C6C6E98-1803-4B5C-A87E-C5DCA7DC4CBF}.Release|Any CPU.ActiveCfg = Release|Any CPU
		{6C6C6E98-1803-4B5C-A87E-C5DCA7DC4CBF}.Release|Any CPU.Build.0 = Release|Any CPU
		{7C6ACE0C-C361-49CB-B160-C1BFF5C98856}.Debug|Any CPU.ActiveCfg = Debug|Any CPU
		{7C6ACE0C-C361-49CB-B160-C1BFF5C98856}.Debug|Any CPU.Build.0 = Debug|Any CPU
		{7C6ACE0C-C361-49CB-B160-C1BFF5C98856}.Release|Any CPU.ActiveCfg = Release|Any CPU
		{7C6ACE0C-C361-49CB-B160-C1BFF5C98856}.Release|Any CPU.Build.0 = Release|Any CPU
		{51376F98-8B8D-4E48-AB86-C14B9D26BAF7}.Debug|Any CPU.ActiveCfg = Debug|Any CPU
		{51376F98-8B8D-4E48-AB86-C14B9D26BAF7}.Debug|Any CPU.Build.0 = Debug|Any CPU
		{51376F98-8B8D-4E48-AB86-C14B9D26BAF7}.Release|Any CPU.ActiveCfg = Release|Any CPU
		{51376F98-8B8D-4E48-AB86-C14B9D26BAF7}.Release|Any CPU.Build.0 = Release|Any CPU
		{87DCF7A1-F914-41CB-88A9-8F0B8B3B7435}.Debug|Any CPU.ActiveCfg = Debug|Any CPU
		{87DCF7A1-F914-41CB-88A9-8F0B8B3B7435}.Debug|Any CPU.Build.0 = Debug|Any CPU
		{87DCF7A1-F914-41CB-88A9-8F0B8B3B7435}.Release|Any CPU.ActiveCfg = Release|Any CPU
		{87DCF7A1-F914-41CB-88A9-8F0B8B3B7435}.Release|Any CPU.Build.0 = Release|Any CPU
	EndGlobalSection
	GlobalSection(SolutionProperties) = preSolution
		HideSolutionNode = FALSE
	EndGlobalSection
	GlobalSection(ExtensibilityGlobals) = postSolution
		SolutionGuid = {BD63B016-8623-479A-AFC3-F99D5D7BA43C}
	EndGlobalSection
EndGlobal
